
Microsoft Visual Studio Solution File, Format Version 12.00
# Visual Studio Version 17
VisualStudioVersion = 17.3.32819.101
MinimumVisualStudioVersion = 10.0.40219.1
Project("{9A19103F-16F7-4668-BE54-9A1E7A4F7556}") = "LocatorTask", "LocatorTask\LocatorTask.csproj", "{3AEB439E-3AAC-4A98-B4B4-0630E172490D}"
EndProject
Global
	GlobalSection(SolutionConfigurationPlatforms) = preSolution
		Debug|Any CPU = Debug|Any CPU
		Release|Any CPU = Release|Any CPU
	EndGlobalSection
	GlobalSection(ProjectConfigurationPlatforms) = postSolution
		{3AEB439E-3AAC-4A98-B4B4-0630E172490D}.Debug|Any CPU.ActiveCfg = Debug|Any CPU
		{3AEB439E-3AAC-4A98-B4B4-0630E172490D}.Debug|Any CPU.Build.0 = Debug|Any CPU
		{3AEB439E-3AAC-4A98-B4B4-0630E172490D}.Release|Any CPU.ActiveCfg = Release|Any CPU
		{3AEB439E-3AAC-4A98-B4B4-0630E172490D}.Release|Any CPU.Build.0 = Release|Any CPU
	EndGlobalSection
	GlobalSection(SolutionProperties) = preSolution
		HideSolutionNode = FALSE
	EndGlobalSection
	GlobalSection(ExtensibilityGlobals) = postSolution
		SolutionGuid = {02938D8F-77E6-448D-9409-8ABBD9E1E557}
	EndGlobalSection
EndGlobal
